
Microsoft Visual Studio Solution File, Format Version 12.00
# Visual Studio Version 17
VisualStudioVersion = 17.5.33627.172
MinimumVisualStudioVersion = 10.0.40219.1
Project("{FAE04EC0-301F-11D3-BF4B-00C04F79EFBC}") = "HMS", "HMS\HMS.csproj", "{92FEF7C7-84D8-4E73-B524-9DB210527E40}"
EndProject
Global
	GlobalSection(SolutionConfigurationPlatforms) = preSolution
		Debug|Any CPU = Debug|Any CPU
		Release|Any CPU = Release|Any CPU
	EndGlobalSection
	GlobalSection(ProjectConfigurationPlatforms) = postSolution
		{92FEF7C7-84D8-4E73-B524-9DB210527E40}.Debug|Any CPU.ActiveCfg = Debug|Any CPU
		{92FEF7C7-84D8-4E73-B524-9DB210527E40}.Debug|Any CPU.Build.0 = Debug|Any CPU
		{92FEF7C7-84D8-4E73-B524-9DB210527E40}.Release|Any CPU.ActiveCfg = Release|Any CPU
		{92FEF7C7-84D8-4E73-B524-9DB210527E40}.Release|Any CPU.Build.0 = Release|Any CPU
	EndGlobalSection
	GlobalSection(SolutionProperties) = preSolution
		HideSolutionNode = FALSE
	EndGlobalSection
	GlobalSection(ExtensibilityGlobals) = postSolution
		SolutionGuid = {1C9DC0AD-5A59-4543-84BE-2264DD8A5ED5}
	EndGlobalSection
EndGlobal
